# This file is automatically @generated by Cargo.
# It is not intended for manual editing.
version = 3

[[package]]
name = "powershell_script"
version = "1.1.0"
source = "registry+https://github.com/rust-lang/crates.io-index"
checksum = "bef8336090917f3d3a044256bc0e5c51d5420e5d09dfa1df4868083c5231a454"

[[package]]
name = "uninstall-cli"
version = "0.1.0"
dependencies = [
 "powershell_script",
]
