
Microsoft Visual Studio Solution File, Format Version 12.00
# Visual Studio Version 17
VisualStudioVersion = 17.5.33530.505
MinimumVisualStudioVersion = 10.0.40219.1
Project("{FAE04EC0-301F-11D3-BF4B-00C04F79EFBC}") = "catppuccinifier", "catppuccinifier.csproj", "{2D2B7C0B-429E-425B-885F-C05C25557247}"
EndProject
Global
	GlobalSection(SolutionConfigurationPlatforms) = preSolution
		Debug|ARM64 = Debug|ARM64
		Debug|x64 = Debug|x64
		Debug|x86 = Debug|x86
		Release|ARM64 = Release|ARM64
		Release|x64 = Release|x64
		Release|x86 = Release|x86
	EndGlobalSection
	GlobalSection(ProjectConfigurationPlatforms) = postSolution
		{2D2B7C0B-429E-425B-885F-C05C25557247}.Debug|ARM64.ActiveCfg = Debug|ARM64
		{2D2B7C0B-429E-425B-885F-C05C25557247}.Debug|ARM64.Build.0 = Debug|ARM64
		{2D2B7C0B-429E-425B-885F-C05C25557247}.Debug|ARM64.Deploy.0 = Debug|ARM64
		{2D2B7C0B-429E-425B-885F-C05C25557247}.Debug|x64.ActiveCfg = Debug|x64
		{2D2B7C0B-429E-425B-885F-C05C25557247}.Debug|x64.Build.0 = Debug|x64
		{2D2B7C0B-429E-425B-885F-C05C25557247}.Debug|x64.Deploy.0 = Debug|x64
		{2D2B7C0B-429E-425B-885F-C05C25557247}.Debug|x86.ActiveCfg = Debug|x86
		{2D2B7C0B-429E-425B-885F-C05C25557247}.Debug|x86.Build.0 = Debug|x86
		{2D2B7C0B-429E-425B-885F-C05C25557247}.Debug|x86.Deploy.0 = Debug|x86
		{2D2B7C0B-429E-425B-885F-C05C25557247}.Release|ARM64.ActiveCfg = Release|ARM64
		{2D2B7C0B-429E-425B-885F-C05C25557247}.Release|ARM64.Build.0 = Release|ARM64
		{2D2B7C0B-429E-425B-885F-C05C25557247}.Release|ARM64.Deploy.0 = Release|ARM64
		{2D2B7C0B-429E-425B-885F-C05C25557247}.Release|x64.ActiveCfg = Release|x64
		{2D2B7C0B-429E-425B-885F-C05C25557247}.Release|x64.Build.0 = Release|x64
		{2D2B7C0B-429E-425B-885F-C05C25557247}.Release|x64.Deploy.0 = Release|x64
		{2D2B7C0B-429E-425B-885F-C05C25557247}.Release|x86.ActiveCfg = Release|x86
		{2D2B7C0B-429E-425B-885F-C05C25557247}.Release|x86.Build.0 = Release|x86
		{2D2B7C0B-429E-425B-885F-C05C25557247}.Release|x86.Deploy.0 = Release|x86
	EndGlobalSection
	GlobalSection(SolutionProperties) = preSolution
		HideSolutionNode = FALSE
	EndGlobalSection
	GlobalSection(ExtensibilityGlobals) = postSolution
		SolutionGuid = {DD5A07C2-664B-4BD3-8F58-B9FAC81E2D8A}
	EndGlobalSection
EndGlobal
